{
    "name": "ignite-tour-demo",
    "version": "1.0.0",
    "lockfileVersion": 1,
    "requires": true,
    "dependencies": {
        "figlet": {
            "version": "1.2.1",
            "resolved": "https://registry.npmjs.org/figlet/-/figlet-1.2.1.tgz",
            "integrity": "sha512-qc8gycfnnfOmfvPl7Fi3JeTbcvdmbZkckyUVGGAM02je7Ookvu+bBfKy1I4FKqTsQHCs3ARJ76ip/k98r+OQuQ=="
        }
    }
}
